
Microsoft Visual Studio Solution File, Format Version 12.00
# Visual Studio Version 16
VisualStudioVersion = 16.0.31702.278
MinimumVisualStudioVersion = 10.0.40219.1
Project("{FAE04EC0-301F-11D3-BF4B-00C04F79EFBC}") = "BloodBankManagementSystem", "BloodBankManagementSystem.csproj", "{2DF7FCE1-8B3F-473F-A148-98CA532829CB}"
EndProject
Global
	GlobalSection(SolutionConfigurationPlatforms) = preSolution
		Debug|Any CPU = Debug|Any CPU
		Release|Any CPU = Release|Any CPU
	EndGlobalSection
	GlobalSection(ProjectConfigurationPlatforms) = postSolution
		{2DF7FCE1-8B3F-473F-A148-98CA532829CB}.Debug|Any CPU.ActiveCfg = Debug|Any CPU
		{2DF7FCE1-8B3F-473F-A148-98CA532829CB}.Debug|Any CPU.Build.0 = Debug|Any CPU
		{2DF7FCE1-8B3F-473F-A148-98CA532829CB}.Release|Any CPU.ActiveCfg = Release|Any CPU
		{2DF7FCE1-8B3F-473F-A148-98CA532829CB}.Release|Any CPU.Build.0 = Release|Any CPU
	EndGlobalSection
	GlobalSection(SolutionProperties) = preSolution
		HideSolutionNode = FALSE
	EndGlobalSection
	GlobalSection(ExtensibilityGlobals) = postSolution
		SolutionGuid = {870222F1-6591-4D86-85A3-D06D5374E1FB}
	EndGlobalSection
EndGlobal
